{
    "_readme": [
        "This file locks the dependencies of your project to a known state",
        "Read more about it at https://getcomposer.org/doc/01-basic-usage.md#installing-dependencies",
        "This file is @generated automatically"
    ],
    "content-hash": "b829c80f3c84b44a1845e8e6d4361c45",
    "packages": [
        {
            "name": "chriskacerguis/codeigniter-restserver",
            "version": "3.0.3",
            "source": {
                "type": "git",
                "url": "https://github.com/chriskacerguis/codeigniter-restserver.git",
                "reference": "3a5ba0dffdebd24cc215ef714b72208c88304203"
            },
            "dist": {
                "type": "zip",
                "url": "https://api.github.com/repos/chriskacerguis/codeigniter-restserver/zipball/3a5ba0dffdebd24cc215ef714b72208c88304203",
                "reference": "3a5ba0dffdebd24cc215ef714b72208c88304203",
                "shasum": ""
            },
            "require": {
                "codeigniter/framework": "^3.0.4",
                "php": ">=5.4.0"
            },
            "type": "library",
            "autoload": {
                "classmap": [
                    "application/libraries/Format.php",
                    "application/libraries/REST_Controller.php"
                ]
            },
            "notification-url": "https://packagist.org/downloads/",
            "license": [
                "MIT"
            ],
            "authors": [
                {
                    "name": "Chris Kacerguis",
                    "role": "Developer"
                }
            ],
            "description": "REST Server for the CodeIgniter framework",
            "homepage": "https://github.com/chriskacerguis/codeigniter-restserver",
            "time": "2017-09-23T16:44:55+00:00"
        },
        {
            "name": "codeigniter/framework",
            "version": "3.1.10",
            "source": {
                "type": "git",
                "url": "https://github.com/bcit-ci/CodeIgniter.git",
                "reference": "c576995304fc3609cca0b7b92d1b2cd611ec82f5"
            },
            "dist": {
                "type": "zip",
                "url": "https://api.github.com/repos/bcit-ci/CodeIgniter/zipball/c576995304fc3609cca0b7b92d1b2cd611ec82f5",
                "reference": "c576995304fc3609cca0b7b92d1b2cd611ec82f5",
                "shasum": ""
            },
            "require": {
                "php": ">=5.3.7"
            },
            "require-dev": {
                "mikey179/vfsstream": "1.1.*",
                "phpunit/phpunit": "4.* || 5.*"
            },
            "suggest": {
                "paragonie/random_compat": "Provides better randomness in PHP 5.x"
            },
            "type": "project",
            "notification-url": "https://packagist.org/downloads/",
            "license": [
                "MIT"
            ],
            "description": "The CodeIgniter framework",
            "homepage": "https://codeigniter.com",
            "time": "2019-01-16T15:49:35+00:00"
        },
        {
            "name": "phpmailer/phpmailer",
            "version": "v6.5.0",
            "source": {
                "type": "git",
                "url": "https://github.com/PHPMailer/PHPMailer.git",
                "reference": "a5b5c43e50b7fba655f793ad27303cd74c57363c"
            },
            "dist": {
                "type": "zip",
                "url": "https://api.github.com/repos/PHPMailer/PHPMailer/zipball/a5b5c43e50b7fba655f793ad27303cd74c57363c",
                "reference": "a5b5c43e50b7fba655f793ad27303cd74c57363c",
                "shasum": ""
            },
            "require": {
                "ext-ctype": "*",
                "ext-filter": "*",
                "ext-hash": "*",
                "php": ">=5.5.0"
            },
            "require-dev": {
                "dealerdirect/phpcodesniffer-composer-installer": "^0.7.0",
                "doctrine/annotations": "^1.2",
                "phpcompatibility/php-compatibility": "^9.3.5",
                "roave/security-advisories": "dev-latest",
                "squizlabs/php_codesniffer": "^3.5.6",
                "yoast/phpunit-polyfills": "^0.2.0"
            },
            "suggest": {
                "ext-mbstring": "Needed to send email in multibyte encoding charset or decode encoded addresses",
                "hayageek/oauth2-yahoo": "Needed for Yahoo XOAUTH2 authentication",
                "league/oauth2-google": "Needed for Google XOAUTH2 authentication",
                "psr/log": "For optional PSR-3 debug logging",
                "stevenmaguire/oauth2-microsoft": "Needed for Microsoft XOAUTH2 authentication",
                "symfony/polyfill-mbstring": "To support UTF-8 if the Mbstring PHP extension is not enabled (^1.2)"
            },
            "type": "library",
            "autoload": {
                "psr-4": {
                    "PHPMailer\\PHPMailer\\": "src/"
                }
            },
            "notification-url": "https://packagist.org/downloads/",
            "license": [
                "LGPL-2.1-only"
            ],
            "authors": [
                {
                    "name": "Marcus Bointon",
                    "email": "phpmailer@synchromedia.co.uk"
                },
                {
                    "name": "Jim Jagielski",
                    "email": "jimjag@gmail.com"
                },
                {
                    "name": "Andy Prevost",
                    "email": "codeworxtech@users.sourceforge.net"
                },
                {
                    "name": "Brent R. Matzelle"
                }
            ],
            "description": "PHPMailer is a full-featured email creation and transfer class for PHP",
            "support": {
                "issues": "https://github.com/PHPMailer/PHPMailer/issues",
                "source": "https://github.com/PHPMailer/PHPMailer/tree/v6.5.0"
            },
            "funding": [
                {
                    "url": "https://github.com/Synchro",
                    "type": "github"
                }
            ],
            "time": "2021-06-16T14:33:43+00:00"
        }
    ],
    "packages-dev": [],
    "aliases": [],
    "minimum-stability": "stable",
    "stability-flags": [],
    "prefer-stable": false,
    "prefer-lowest": false,
    "platform": [],
    "platform-dev": [],
    "plugin-api-version": "2.1.0"
}
